
Microsoft Visual Studio Solution File, Format Version 12.00
# Visual Studio Version 16
VisualStudioVersion = 16.0.31205.134
MinimumVisualStudioVersion = 10.0.40219.1
Project("{2150E333-8FDC-42A3-9474-1A3956D46DE8}") = "Solution Items", "Solution Items", "{6027ECA7-54D6-42E9-9514-9F53B6743701}"
	ProjectSection(SolutionItems) = preProject
		Agenda.md = Agenda.md
	EndProjectSection
EndProject
Project("{9A19103F-16F7-4668-BE54-9A1E7A4F7556}") = "ASPNETCORE_MVCSamples", "ASPNETCORE_MVCSamples\ASPNETCORE_MVCSamples.csproj", "{FAC3ED58-E6D1-4E67-903D-A944D5782F0C}"
EndProject
Project("{9A19103F-16F7-4668-BE54-9A1E7A4F7556}") = "DependencyInjectionSampleLib", "DependencyInjectionSampleLib\DependencyInjectionSampleLib.csproj", "{2EB6EB98-961C-4FF8-AE51-A3D274438903}"
EndProject
Project("{9A19103F-16F7-4668-BE54-9A1E7A4F7556}") = "ServiceCollectionAndServiceProviderSample", "ServiceCollectionAndServiceProviderSample\ServiceCollectionAndServiceProviderSample.csproj", "{C2118640-8C56-4408-9B89-FCA22D88E049}"
EndProject
Project("{9A19103F-16F7-4668-BE54-9A1E7A4F7556}") = "DIScopeVsTransientVsSingletonSample", "DIScopeVsTransientVsSingletonSample\DIScopeVsTransientVsSingletonSample.csproj", "{2C8D7C4B-2726-4989-A6AF-5783EB12DA2D}"
EndProject
Project("{9A19103F-16F7-4668-BE54-9A1E7A4F7556}") = "LocalizationCultureSampe1", "LocalizationCultureSampe1\LocalizationCultureSampe1.csproj", "{728955A2-6CEF-447D-A2B5-7B79278477E1}"
EndProject
Project("{9A19103F-16F7-4668-BE54-9A1E7A4F7556}") = "AuthorizationFiltersSample", "AuthorizationFiltersSample\AuthorizationFiltersSample.csproj", "{A26227D0-2CD1-4817-B99B-90C3F4CD2638}"
EndProject
Project("{9A19103F-16F7-4668-BE54-9A1E7A4F7556}") = "CustomFilterSample", "CustomFilterSample\CustomFilterSample.csproj", "{8F5931FF-47AF-4448-A713-3E07AED0C1E5}"
EndProject
Project("{9A19103F-16F7-4668-BE54-9A1E7A4F7556}") = "ModelStateFilterSample", "ModelStateFilterSample\ModelStateFilterSample.csproj", "{3B96DFEA-B31D-47C9-83D6-8ECFC1766D9B}"
EndProject
Project("{9A19103F-16F7-4668-BE54-9A1E7A4F7556}") = "ValidationFilterSample", "ValidationFilterSample\ValidationFilterSample.csproj", "{5102A337-6E78-4BD3-8395-FB3167EBD745}"
EndProject
Project("{9A19103F-16F7-4668-BE54-9A1E7A4F7556}") = "WebAPI_Samples", "WebAPI_Samples\WebAPI_Samples.csproj", "{454A4A39-710A-41A5-B4FC-E8126E1BA677}"
EndProject
Project("{FAE04EC0-301F-11D3-BF4B-00C04F79EFBC}") = "WebAPI_HttpClientSample", "WebAPI_HttpClientSample\WebAPI_HttpClientSample.csproj", "{203D4653-322F-4176-A2A2-F0D2A7C166DE}"
EndProject
Project("{9A19103F-16F7-4668-BE54-9A1E7A4F7556}") = "WebAPI_SharedLibrary", "WebAPI_SharedLibrary\WebAPI_SharedLibrary.csproj", "{15601871-1E7F-4750-82D4-A881E24029EC}"
EndProject
Project("{FAE04EC0-301F-11D3-BF4B-00C04F79EFBC}") = "MVCNET48Project", "MVCNET48Project\MVCNET48Project.csproj", "{347A8891-BFED-4555-8553-2CFD97EB00AB}"
EndProject
Project("{9A19103F-16F7-4668-BE54-9A1E7A4F7556}") = "WebAPI_ODATA", "WebAPI_ODATA\WebAPI_ODATA.csproj", "{D7689E74-628E-4AE6-A203-7E2AD0467164}"
EndProject
Project("{FAE04EC0-301F-11D3-BF4B-00C04F79EFBC}") = "SignalRChat", "SignalRChat\SignalRChat.csproj", "{43283E85-CF75-4E47-9B42-4184FBADFFA8}"
EndProject
Project("{FAE04EC0-301F-11D3-BF4B-00C04F79EFBC}") = "BlazorServerSignalRApp", "BlazorServerSignalRApp\BlazorServerSignalRApp.csproj", "{F26C4FAB-CD26-4B98-89AC-609BF967E61F}"
EndProject
Project("{9A19103F-16F7-4668-BE54-9A1E7A4F7556}") = "BlazorChat", "BlazorChat\BlazorChat.csproj", "{019C26F0-32C2-44AA-A2DD-92471E95535C}"
EndProject
Global
	GlobalSection(SolutionConfigurationPlatforms) = preSolution
		Debug|Any CPU = Debug|Any CPU
		Release|Any CPU = Release|Any CPU
	EndGlobalSection
	GlobalSection(ProjectConfigurationPlatforms) = postSolution
		{FAC3ED58-E6D1-4E67-903D-A944D5782F0C}.Debug|Any CPU.ActiveCfg = Debug|Any CPU
		{FAC3ED58-E6D1-4E67-903D-A944D5782F0C}.Debug|Any CPU.Build.0 = Debug|Any CPU
		{FAC3ED58-E6D1-4E67-903D-A944D5782F0C}.Release|Any CPU.ActiveCfg = Release|Any CPU
		{FAC3ED58-E6D1-4E67-903D-A944D5782F0C}.Release|Any CPU.Build.0 = Release|Any CPU
		{2EB6EB98-961C-4FF8-AE51-A3D274438903}.Debug|Any CPU.ActiveCfg = Debug|Any CPU
		{2EB6EB98-961C-4FF8-AE51-A3D274438903}.Debug|Any CPU.Build.0 = Debug|Any CPU
		{2EB6EB98-961C-4FF8-AE51-A3D274438903}.Release|Any CPU.ActiveCfg = Release|Any CPU
		{2EB6EB98-961C-4FF8-AE51-A3D274438903}.Release|Any CPU.Build.0 = Release|Any CPU
		{C2118640-8C56-4408-9B89-FCA22D88E049}.Debug|Any CPU.ActiveCfg = Debug|Any CPU
		{C2118640-8C56-4408-9B89-FCA22D88E049}.Debug|Any CPU.Build.0 = Debug|Any CPU
		{C2118640-8C56-4408-9B89-FCA22D88E049}.Release|Any CPU.ActiveCfg = Release|Any CPU
		{C2118640-8C56-4408-9B89-FCA22D88E049}.Release|Any CPU.Build.0 = Release|Any CPU
		{2C8D7C4B-2726-4989-A6AF-5783EB12DA2D}.Debug|Any CPU.ActiveCfg = Debug|Any CPU
		{2C8D7C4B-2726-4989-A6AF-5783EB12DA2D}.Debug|Any CPU.Build.0 = Debug|Any CPU
		{2C8D7C4B-2726-4989-A6AF-5783EB12DA2D}.Release|Any CPU.ActiveCfg = Release|Any CPU
		{2C8D7C4B-2726-4989-A6AF-5783EB12DA2D}.Release|Any CPU.Build.0 = Release|Any CPU
		{728955A2-6CEF-447D-A2B5-7B79278477E1}.Debug|Any CPU.ActiveCfg = Debug|Any CPU
		{728955A2-6CEF-447D-A2B5-7B79278477E1}.Debug|Any CPU.Build.0 = Debug|Any CPU
		{728955A2-6CEF-447D-A2B5-7B79278477E1}.Release|Any CPU.ActiveCfg = Release|Any CPU
		{728955A2-6CEF-447D-A2B5-7B79278477E1}.Release|Any CPU.Build.0 = Release|Any CPU
		{A26227D0-2CD1-4817-B99B-90C3F4CD2638}.Debug|Any CPU.ActiveCfg = Debug|Any CPU
		{A26227D0-2CD1-4817-B99B-90C3F4CD2638}.Debug|Any CPU.Build.0 = Debug|Any CPU
		{A26227D0-2CD1-4817-B99B-90C3F4CD2638}.Release|Any CPU.ActiveCfg = Release|Any CPU
		{A26227D0-2CD1-4817-B99B-90C3F4CD2638}.Release|Any CPU.Build.0 = Release|Any CPU
		{8F5931FF-47AF-4448-A713-3E07AED0C1E5}.Debug|Any CPU.ActiveCfg = Debug|Any CPU
		{8F5931FF-47AF-4448-A713-3E07AED0C1E5}.Debug|Any CPU.Build.0 = Debug|Any CPU
		{8F5931FF-47AF-4448-A713-3E07AED0C1E5}.Release|Any CPU.ActiveCfg = Release|Any CPU
		{8F5931FF-47AF-4448-A713-3E07AED0C1E5}.Release|Any CPU.Build.0 = Release|Any CPU
		{3B96DFEA-B31D-47C9-83D6-8ECFC1766D9B}.Debug|Any CPU.ActiveCfg = Debug|Any CPU
		{3B96DFEA-B31D-47C9-83D6-8ECFC1766D9B}.Debug|Any CPU.Build.0 = Debug|Any CPU
		{3B96DFEA-B31D-47C9-83D6-8ECFC1766D9B}.Release|Any CPU.ActiveCfg = Release|Any CPU
		{3B96DFEA-B31D-47C9-83D6-8ECFC1766D9B}.Release|Any CPU.Build.0 = Release|Any CPU
		{5102A337-6E78-4BD3-8395-FB3167EBD745}.Debug|Any CPU.ActiveCfg = Debug|Any CPU
		{5102A337-6E78-4BD3-8395-FB3167EBD745}.Debug|Any CPU.Build.0 = Debug|Any CPU
		{5102A337-6E78-4BD3-8395-FB3167EBD745}.Release|Any CPU.ActiveCfg = Release|Any CPU
		{5102A337-6E78-4BD3-8395-FB3167EBD745}.Release|Any CPU.Build.0 = Release|Any CPU
		{454A4A39-710A-41A5-B4FC-E8126E1BA677}.Debug|Any CPU.ActiveCfg = Debug|Any CPU
		{454A4A39-710A-41A5-B4FC-E8126E1BA677}.Debug|Any CPU.Build.0 = Debug|Any CPU
		{454A4A39-710A-41A5-B4FC-E8126E1BA677}.Release|Any CPU.ActiveCfg = Release|Any CPU
		{454A4A39-710A-41A5-B4FC-E8126E1BA677}.Release|Any CPU.Build.0 = Release|Any CPU
		{203D4653-322F-4176-A2A2-F0D2A7C166DE}.Debug|Any CPU.ActiveCfg = Debug|Any CPU
		{203D4653-322F-4176-A2A2-F0D2A7C166DE}.Debug|Any CPU.Build.0 = Debug|Any CPU
		{203D4653-322F-4176-A2A2-F0D2A7C166DE}.Release|Any CPU.ActiveCfg = Release|Any CPU
		{203D4653-322F-4176-A2A2-F0D2A7C166DE}.Release|Any CPU.Build.0 = Release|Any CPU
		{15601871-1E7F-4750-82D4-A881E24029EC}.Debug|Any CPU.ActiveCfg = Debug|Any CPU
		{15601871-1E7F-4750-82D4-A881E24029EC}.Debug|Any CPU.Build.0 = Debug|Any CPU
		{15601871-1E7F-4750-82D4-A881E24029EC}.Release|Any CPU.ActiveCfg = Release|Any CPU
		{15601871-1E7F-4750-82D4-A881E24029EC}.Release|Any CPU.Build.0 = Release|Any CPU
		{347A8891-BFED-4555-8553-2CFD97EB00AB}.Debug|Any CPU.ActiveCfg = Debug|Any CPU
		{347A8891-BFED-4555-8553-2CFD97EB00AB}.Debug|Any CPU.Build.0 = Debug|Any CPU
		{347A8891-BFED-4555-8553-2CFD97EB00AB}.Release|Any CPU.ActiveCfg = Release|Any CPU
		{347A8891-BFED-4555-8553-2CFD97EB00AB}.Release|Any CPU.Build.0 = Release|Any CPU
		{D7689E74-628E-4AE6-A203-7E2AD0467164}.Debug|Any CPU.ActiveCfg = Debug|Any CPU
		{D7689E74-628E-4AE6-A203-7E2AD0467164}.Debug|Any CPU.Build.0 = Debug|Any CPU
		{D7689E74-628E-4AE6-A203-7E2AD0467164}.Release|Any CPU.ActiveCfg = Release|Any CPU
		{D7689E74-628E-4AE6-A203-7E2AD0467164}.Release|Any CPU.Build.0 = Release|Any CPU
		{43283E85-CF75-4E47-9B42-4184FBADFFA8}.Debug|Any CPU.ActiveCfg = Debug|Any CPU
		{43283E85-CF75-4E47-9B42-4184FBADFFA8}.Debug|Any CPU.Build.0 = Debug|Any CPU
		{43283E85-CF75-4E47-9B42-4184FBADFFA8}.Release|Any CPU.ActiveCfg = Release|Any CPU
		{43283E85-CF75-4E47-9B42-4184FBADFFA8}.Release|Any CPU.Build.0 = Release|Any CPU
		{F26C4FAB-CD26-4B98-89AC-609BF967E61F}.Debug|Any CPU.ActiveCfg = Debug|Any CPU
		{F26C4FAB-CD26-4B98-89AC-609BF967E61F}.Debug|Any CPU.Build.0 = Debug|Any CPU
		{F26C4FAB-CD26-4B98-89AC-609BF967E61F}.Release|Any CPU.ActiveCfg = Release|Any CPU
		{F26C4FAB-CD26-4B98-89AC-609BF967E61F}.Release|Any CPU.Build.0 = Release|Any CPU
		{019C26F0-32C2-44AA-A2DD-92471E95535C}.Debug|Any CPU.ActiveCfg = Debug|Any CPU
		{019C26F0-32C2-44AA-A2DD-92471E95535C}.Debug|Any CPU.Build.0 = Debug|Any CPU
		{019C26F0-32C2-44AA-A2DD-92471E95535C}.Release|Any CPU.ActiveCfg = Release|Any CPU
		{019C26F0-32C2-44AA-A2DD-92471E95535C}.Release|Any CPU.Build.0 = Release|Any CPU
	EndGlobalSection
	GlobalSection(SolutionProperties) = preSolution
		HideSolutionNode = FALSE
	EndGlobalSection
	GlobalSection(ExtensibilityGlobals) = postSolution
		SolutionGuid = {889B77D7-FD8B-45F4-A0F5-F1F6992C5505}
	EndGlobalSection
EndGlobal
